// !$*UTF8*$!
{
	archiveVersion = 1;
	classes = {
	};
	objectVersion = 46;
	objects = {

/* Begin PBXBuildFile section */
		4316C25715EBB1C800F41BEB /* Quickblox.framework in Frameworks */ = {isa = PBXBuildFile; fileRef = 4316C25615EBB1C800F41BEB /* Quickblox.framework */; };
		4316C25C15EBB22F00F41BEB /* offLine.png in Resources */ = {isa = PBXBuildFile; fileRef = 4316C25815EBB22F00F41BEB /* offLine.png */; };
		4316C25D15EBB22F00F41BEB /* offLine@2x.png in Resources */ = {isa = PBXBuildFile; fileRef = 4316C25915EBB22F00F41BEB /* offLine@2x.png */; };
		4316C25E15EBB22F00F41BEB /* onLine.png in Resources */ = {isa = PBXBuildFile; fileRef = 4316C25A15EBB22F00F41BEB /* onLine.png */; };
		4316C25F15EBB22F00F41BEB /* onLine@2x.png in Resources */ = {isa = PBXBuildFile; fileRef = 4316C25B15EBB22F00F41BEB /* onLine@2x.png */; };
		8A9A52801542C2F200C85BE3 /* UIKit.framework in Frameworks */ = {isa = PBXBuildFile; fileRef = 8A9A527F1542C2F200C85BE3 /* UIKit.framework */; };
		8A9A52821542C2F200C85BE3 /* Foundation.framework in Frameworks */ = {isa = PBXBuildFile; fileRef = 8A9A52811542C2F200C85BE3 /* Foundation.framework */; };
		8A9A52841542C2F200C85BE3 /* CoreGraphics.framework in Frameworks */ = {isa = PBXBuildFile; fileRef = 8A9A52831542C2F200C85BE3 /* CoreGraphics.framework */; };
		8A9A529F1542C3C600C85BE3 /* CFNetwork.framework in Frameworks */ = {isa = PBXBuildFile; fileRef = 8A9A529E1542C3C600C85BE3 /* CFNetwork.framework */; };
		8A9A52A11542C3CC00C85BE3 /* SystemConfiguration.framework in Frameworks */ = {isa = PBXBuildFile; fileRef = 8A9A52A01542C3CC00C85BE3 /* SystemConfiguration.framework */; };
		8A9A52A31542C3D300C85BE3 /* MobileCoreServices.framework in Frameworks */ = {isa = PBXBuildFile; fileRef = 8A9A52A21542C3D300C85BE3 /* MobileCoreServices.framework */; };
		8A9A52A51542C3E100C85BE3 /* CoreLocation.framework in Frameworks */ = {isa = PBXBuildFile; fileRef = 8A9A52A41542C3E100C85BE3 /* CoreLocation.framework */; };
		8A9A52A71542C3E600C85BE3 /* libz.dylib in Frameworks */ = {isa = PBXBuildFile; fileRef = 8A9A52A61542C3E600C85BE3 /* libz.dylib */; };
		FA62F9BB15BDD3400031CA59 /* DataStorage.m in Sources */ = {isa = PBXBuildFile; fileRef = FA62F9BA15BDD3400031CA59 /* DataStorage.m */; };
		FA76F73E156690A100573080 /* QuartzCore.framework in Frameworks */ = {isa = PBXBuildFile; fileRef = FA76F73D156690A100573080 /* QuartzCore.framework */; };
		FAB38AF4156B7D660026F697 /* AppDelegate.m in Sources */ = {isa = PBXBuildFile; fileRef = FAB38AC9156B7D660026F697 /* AppDelegate.m */; };
		FAB38AF6156B7D660026F697 /* SMMessageViewTableCell.m in Sources */ = {isa = PBXBuildFile; fileRef = FAB38AD1156B7D660026F697 /* SMMessageViewTableCell.m */; };
		FAB38AF7156B7D660026F697 /* ChatViewController.m in Sources */ = {isa = PBXBuildFile; fileRef = FAB38AD5156B7D660026F697 /* ChatViewController.m */; };
		FAB38AF8156B7D660026F697 /* LoginViewController.m in Sources */ = {isa = PBXBuildFile; fileRef = FAB38AD8156B7D660026F697 /* LoginViewController.m */; };
		FAB38AF9156B7D660026F697 /* MainViewController.m in Sources */ = {isa = PBXBuildFile; fileRef = FAB38ADB156B7D660026F697 /* MainViewController.m */; };
		FAB38AFA156B7D660026F697 /* RegistrationViewController.m in Sources */ = {isa = PBXBuildFile; fileRef = FAB38ADE156B7D660026F697 /* RegistrationViewController.m */; };
		FAB38AFB156B7D660026F697 /* SplashController.m in Sources */ = {isa = PBXBuildFile; fileRef = FAB38AE1156B7D660026F697 /* SplashController.m */; };
		FAB38AFC156B7D660026F697 /* InfoPlist.strings in Resources */ = {isa = PBXBuildFile; fileRef = FAB38AE2156B7D660026F697 /* InfoPlist.strings */; };
		FAB38AFD156B7D660026F697 /* main.m in Sources */ = {isa = PBXBuildFile; fileRef = FAB38AE4156B7D660026F697 /* main.m */; };
		FAB38AFE156B7D660026F697 /* QBChat-Info.plist in Resources */ = {isa = PBXBuildFile; fileRef = FAB38AE5156B7D660026F697 /* QBChat-Info.plist */; };
		FAB38AFF156B7D660026F697 /* aqua.png in Resources */ = {isa = PBXBuildFile; fileRef = FAB38AE9156B7D660026F697 /* aqua.png */; };
		FAB38B00156B7D660026F697 /* Default.png in Resources */ = {isa = PBXBuildFile; fileRef = FAB38AEA156B7D660026F697 /* Default.png */; };
		FAB38B01156B7D660026F697 /* icon.png in Resources */ = {isa = PBXBuildFile; fileRef = FAB38AEB156B7D660026F697 /* icon.png */; };
		FAB38B02156B7D660026F697 /* logo.png in Resources */ = {isa = PBXBuildFile; fileRef = FAB38AEC156B7D660026F697 /* logo.png */; };
		FAB38B03156B7D660026F697 /* orange.png in Resources */ = {isa = PBXBuildFile; fileRef = FAB38AED156B7D660026F697 /* orange.png */; };
		FAB38B04156B7D660026F697 /* ChatViewController.xib in Resources */ = {isa = PBXBuildFile; fileRef = FAB38AEF156B7D660026F697 /* ChatViewController.xib */; };
		FAB38B05156B7D660026F697 /* LoginViewController.xib in Resources */ = {isa = PBXBuildFile; fileRef = FAB38AF0156B7D660026F697 /* LoginViewController.xib */; };
		FAB38B06156B7D660026F697 /* MainViewController.xib in Resources */ = {isa = PBXBuildFile; fileRef = FAB38AF1156B7D660026F697 /* MainViewController.xib */; };
		FAB38B07156B7D660026F697 /* RegistrationViewController.xib in Resources */ = {isa = PBXBuildFile; fileRef = FAB38AF2156B7D660026F697 /* RegistrationViewController.xib */; };
		FAB38B08156B7D660026F697 /* SplashController.xib in Resources */ = {isa = PBXBuildFile; fileRef = FAB38AF3156B7D660026F697 /* SplashController.xib */; };
		FAB38B1B156BC40D0026F697 /* OCPromptView.m in Sources */ = {isa = PBXBuildFile; fileRef = FAB38B1A156BC40D0026F697 /* OCPromptView.m */; };
		FAC310A7156B6FD10082B592 /* Quickblox.framework in Frameworks */ = {isa = PBXBuildFile; fileRef = FAC310A6156B6FD10082B592 /* Quickblox.framework */; };
		FAC310F1156B74440082B592 /* libresolv.dylib in Frameworks */ = {isa = PBXBuildFile; fileRef = FAC310F0156B74440082B592 /* libresolv.dylib */; };
		FAC310F7156B75400082B592 /* CoreData.framework in Frameworks */ = {isa = PBXBuildFile; fileRef = FAC310F6156B75400082B592 /* CoreData.framework */; };
/* End PBXBuildFile section */

/* Begin PBXFileReference section */
		4316C25615EBB1C800F41BEB /* Quickblox.framework */ = {isa = PBXFileReference; lastKnownFileType = wrapper.framework; path = Quickblox.framework; sourceTree = "<group>"; };
		4316C25815EBB22F00F41BEB /* offLine.png */ = {isa = PBXFileReference; lastKnownFileType = image.png; path = offLine.png; sourceTree = "<group>"; };
		4316C25915EBB22F00F41BEB /* offLine@2x.png */ = {isa = PBXFileReference; lastKnownFileType = image.png; path = "offLine@2x.png"; sourceTree = "<group>"; };
		4316C25A15EBB22F00F41BEB /* onLine.png */ = {isa = PBXFileReference; lastKnownFileType = image.png; path = onLine.png; sourceTree = "<group>"; };
		4316C25B15EBB22F00F41BEB /* onLine@2x.png */ = {isa = PBXFileReference; lastKnownFileType = image.png; path = "onLine@2x.png"; sourceTree = "<group>"; };
		8A7A83A9154A901800EE476D /* libxml2.2.7.3.dylib */ = {isa = PBXFileReference; lastKnownFileType = "compiled.mach-o.dylib"; name = libxml2.2.7.3.dylib; path = usr/lib/libxml2.2.7.3.dylib; sourceTree = SDKROOT; };
		8A9A527B1542C2F200C85BE3 /* SimpleSample-chat_users-ios.app */ = {isa = PBXFileReference; explicitFileType = wrapper.application; includeInIndex = 0; path = "SimpleSample-chat_users-ios.app"; sourceTree = BUILT_PRODUCTS_DIR; };
		8A9A527F1542C2F200C85BE3 /* UIKit.framework */ = {isa = PBXFileReference; lastKnownFileType = wrapper.framework; name = UIKit.framework; path = System/Library/Frameworks/UIKit.framework; sourceTree = SDKROOT; };
		8A9A52811542C2F200C85BE3 /* Foundation.framework */ = {isa = PBXFileReference; lastKnownFileType = wrapper.framework; name = Foundation.framework; path = System/Library/Frameworks/Foundation.framework; sourceTree = SDKROOT; };
		8A9A52831542C2F200C85BE3 /* CoreGraphics.framework */ = {isa = PBXFileReference; lastKnownFileType = wrapper.framework; name = CoreGraphics.framework; path = System/Library/Frameworks/CoreGraphics.framework; sourceTree = SDKROOT; };
		8A9A529E1542C3C600C85BE3 /* CFNetwork.framework */ = {isa = PBXFileReference; lastKnownFileType = wrapper.framework; name = CFNetwork.framework; path = System/Library/Frameworks/CFNetwork.framework; sourceTree = SDKROOT; };
		8A9A52A01542C3CC00C85BE3 /* SystemConfiguration.framework */ = {isa = PBXFileReference; lastKnownFileType = wrapper.framework; name = SystemConfiguration.framework; path = System/Library/Frameworks/SystemConfiguration.framework; sourceTree = SDKROOT; };
		8A9A52A21542C3D300C85BE3 /* MobileCoreServices.framework */ = {isa = PBXFileReference; lastKnownFileType = wrapper.framework; name = MobileCoreServices.framework; path = System/Library/Frameworks/MobileCoreServices.framework; sourceTree = SDKROOT; };
		8A9A52A41542C3E100C85BE3 /* CoreLocation.framework */ = {isa = PBXFileReference; lastKnownFileType = wrapper.framework; name = CoreLocation.framework; path = System/Library/Frameworks/CoreLocation.framework; sourceTree = SDKROOT; };
		8A9A52A61542C3E600C85BE3 /* libz.dylib */ = {isa = PBXFileReference; lastKnownFileType = "compiled.mach-o.dylib"; name = libz.dylib; path = usr/lib/libz.dylib; sourceTree = SDKROOT; };
		FA62F9B915BDD3400031CA59 /* DataStorage.h */ = {isa = PBXFileReference; fileEncoding = 4; lastKnownFileType = sourcecode.c.h; path = DataStorage.h; sourceTree = "<group>"; };
		FA62F9BA15BDD3400031CA59 /* DataStorage.m */ = {isa = PBXFileReference; fileEncoding = 4; lastKnownFileType = sourcecode.c.objc; path = DataStorage.m; sourceTree = "<group>"; };
		FA76F73D156690A100573080 /* QuartzCore.framework */ = {isa = PBXFileReference; lastKnownFileType = wrapper.framework; name = QuartzCore.framework; path = System/Library/Frameworks/QuartzCore.framework; sourceTree = SDKROOT; };
		FAB38AC8156B7D660026F697 /* AppDelegate.h */ = {isa = PBXFileReference; fileEncoding = 4; lastKnownFileType = sourcecode.c.h; path = AppDelegate.h; sourceTree = "<group>"; };
		FAB38AC9156B7D660026F697 /* AppDelegate.m */ = {isa = PBXFileReference; fileEncoding = 4; lastKnownFileType = sourcecode.c.objc; path = AppDelegate.m; sourceTree = "<group>"; };
		FAB38AD0156B7D660026F697 /* SMMessageViewTableCell.h */ = {isa = PBXFileReference; fileEncoding = 4; lastKnownFileType = sourcecode.c.h; path = SMMessageViewTableCell.h; sourceTree = "<group>"; };
		FAB38AD1156B7D660026F697 /* SMMessageViewTableCell.m */ = {isa = PBXFileReference; fileEncoding = 4; lastKnownFileType = sourcecode.c.objc; path = SMMessageViewTableCell.m; sourceTree = "<group>"; };
		FAB38AD4156B7D660026F697 /* ChatViewController.h */ = {isa = PBXFileReference; fileEncoding = 4; lastKnownFileType = sourcecode.c.h; path = ChatViewController.h; sourceTree = "<group>"; };
		FAB38AD5156B7D660026F697 /* ChatViewController.m */ = {isa = PBXFileReference; fileEncoding = 4; lastKnownFileType = sourcecode.c.objc; path = ChatViewController.m; sourceTree = "<group>"; };
		FAB38AD7156B7D660026F697 /* LoginViewController.h */ = {isa = PBXFileReference; fileEncoding = 4; lastKnownFileType = sourcecode.c.h; path = LoginViewController.h; sourceTree = "<group>"; };
		FAB38AD8156B7D660026F697 /* LoginViewController.m */ = {isa = PBXFileReference; fileEncoding = 4; lastKnownFileType = sourcecode.c.objc; path = LoginViewController.m; sourceTree = "<group>"; };
		FAB38ADA156B7D660026F697 /* MainViewController.h */ = {isa = PBXFileReference; fileEncoding = 4; lastKnownFileType = sourcecode.c.h; path = MainViewController.h; sourceTree = "<group>"; };
		FAB38ADB156B7D660026F697 /* MainViewController.m */ = {isa = PBXFileReference; fileEncoding = 4; lastKnownFileType = sourcecode.c.objc; path = MainViewController.m; sourceTree = "<group>"; };
		FAB38ADD156B7D660026F697 /* RegistrationViewController.h */ = {isa = PBXFileReference; fileEncoding = 4; lastKnownFileType = sourcecode.c.h; path = RegistrationViewController.h; sourceTree = "<group>"; };
		FAB38ADE156B7D660026F697 /* RegistrationViewController.m */ = {isa = PBXFileReference; fileEncoding = 4; lastKnownFileType = sourcecode.c.objc; path = RegistrationViewController.m; sourceTree = "<group>"; };
		FAB38AE0156B7D660026F697 /* SplashController.h */ = {isa = PBXFileReference; fileEncoding = 4; lastKnownFileType = sourcecode.c.h; path = SplashController.h; sourceTree = "<group>"; };
		FAB38AE1156B7D660026F697 /* SplashController.m */ = {isa = PBXFileReference; fileEncoding = 4; lastKnownFileType = sourcecode.c.objc; path = SplashController.m; sourceTree = "<group>"; };
		FAB38AE3156B7D660026F697 /* en */ = {isa = PBXFileReference; lastKnownFileType = text.plist.strings; name = en; path = en.lproj/InfoPlist.strings; sourceTree = "<group>"; };
		FAB38AE4156B7D660026F697 /* main.m */ = {isa = PBXFileReference; fileEncoding = 4; lastKnownFileType = sourcecode.c.objc; path = main.m; sourceTree = "<group>"; };
		FAB38AE5156B7D660026F697 /* QBChat-Info.plist */ = {isa = PBXFileReference; fileEncoding = 4; lastKnownFileType = text.plist.xml; path = "QBChat-Info.plist"; sourceTree = "<group>"; };
		FAB38AE6156B7D660026F697 /* QBChat-Prefix.pch */ = {isa = PBXFileReference; fileEncoding = 4; lastKnownFileType = sourcecode.c.h; path = "QBChat-Prefix.pch"; sourceTree = "<group>"; };
		FAB38AE9156B7D660026F697 /* aqua.png */ = {isa = PBXFileReference; lastKnownFileType = image.png; path = aqua.png; sourceTree = "<group>"; };
		FAB38AEA156B7D660026F697 /* Default.png */ = {isa = PBXFileReference; lastKnownFileType = image.png; path = Default.png; sourceTree = "<group>"; };
		FAB38AEB156B7D660026F697 /* icon.png */ = {isa = PBXFileReference; lastKnownFileType = image.png; path = icon.png; sourceTree = "<group>"; };
		FAB38AEC156B7D660026F697 /* logo.png */ = {isa = PBXFileReference; lastKnownFileType = image.png; path = logo.png; sourceTree = "<group>"; };
		FAB38AED156B7D660026F697 /* orange.png */ = {isa = PBXFileReference; lastKnownFileType = image.png; path = orange.png; sourceTree = "<group>"; };
		FAB38AEF156B7D660026F697 /* ChatViewController.xib */ = {isa = PBXFileReference; fileEncoding = 4; lastKnownFileType = file.xib; path = ChatViewController.xib; sourceTree = "<group>"; };
		FAB38AF0156B7D660026F697 /* LoginViewController.xib */ = {isa = PBXFileReference; fileEncoding = 4; lastKnownFileType = file.xib; path = LoginViewController.xib; sourceTree = "<group>"; };
		FAB38AF1156B7D660026F697 /* MainViewController.xib */ = {isa = PBXFileReference; fileEncoding = 4; lastKnownFileType = file.xib; path = MainViewController.xib; sourceTree = "<group>"; };
		FAB38AF2156B7D660026F697 /* RegistrationViewController.xib */ = {isa = PBXFileReference; fileEncoding = 4; lastKnownFileType = file.xib; path = RegistrationViewController.xib; sourceTree = "<group>"; };
		FAB38AF3156B7D660026F697 /* SplashController.xib */ = {isa = PBXFileReference; fileEncoding = 4; lastKnownFileType = file.xib; path = SplashController.xib; sourceTree = "<group>"; };
		FAB38B19156BC40D0026F697 /* OCPromptView.h */ = {isa = PBXFileReference; fileEncoding = 4; lastKnownFileType = sourcecode.c.h; path = OCPromptView.h; sourceTree = "<group>"; };
		FAB38B1A156BC40D0026F697 /* OCPromptView.m */ = {isa = PBXFileReference; fileEncoding = 4; lastKnownFileType = sourcecode.c.objc; path = OCPromptView.m; sourceTree = "<group>"; };
		FAC310A6156B6FD10082B592 /* Quickblox.framework */ = {isa = PBXFileReference; lastKnownFileType = wrapper.framework; name = Quickblox.framework; path = "../SDK-ios/Framework/build/Framework/Quickblox.framework"; sourceTree = "<group>"; };
		FAC310F0156B74440082B592 /* libresolv.dylib */ = {isa = PBXFileReference; lastKnownFileType = "compiled.mach-o.dylib"; name = libresolv.dylib; path = usr/lib/libresolv.dylib; sourceTree = SDKROOT; };
		FAC310F6156B75400082B592 /* CoreData.framework */ = {isa = PBXFileReference; lastKnownFileType = wrapper.framework; name = CoreData.framework; path = System/Library/Frameworks/CoreData.framework; sourceTree = SDKROOT; };
		FAD61B3D1566A41F00A11A04 /* Notifications.h */ = {isa = PBXFileReference; fileEncoding = 4; lastKnownFileType = sourcecode.c.h; path = Notifications.h; sourceTree = "<group>"; };
/* End PBXFileReference section */

/* Begin PBXFrameworksBuildPhase section */
		8A9A52781542C2F200C85BE3 /* Frameworks */ = {
			isa = PBXFrameworksBuildPhase;
			buildActionMask = 2147483647;
			files = (
				FAC310F7156B75400082B592 /* CoreData.framework in Frameworks */,
				FAC310F1156B74440082B592 /* libresolv.dylib in Frameworks */,
				FA76F73E156690A100573080 /* QuartzCore.framework in Frameworks */,
				8A9A52A71542C3E600C85BE3 /* libz.dylib in Frameworks */,
				8A9A52A51542C3E100C85BE3 /* CoreLocation.framework in Frameworks */,
				8A9A52841542C2F200C85BE3 /* CoreGraphics.framework in Frameworks */,
				8A9A52A31542C3D300C85BE3 /* MobileCoreServices.framework in Frameworks */,
				8A9A52A11542C3CC00C85BE3 /* SystemConfiguration.framework in Frameworks */,
				8A9A529F1542C3C600C85BE3 /* CFNetwork.framework in Frameworks */,
				8A9A52801542C2F200C85BE3 /* UIKit.framework in Frameworks */,
				8A9A52821542C2F200C85BE3 /* Foundation.framework in Frameworks */,
				FAC310A7156B6FD10082B592 /* Quickblox.framework in Frameworks */,
				4316C25715EBB1C800F41BEB /* Quickblox.framework in Frameworks */,
			);
			runOnlyForDeploymentPostprocessing = 0;
		};
/* End PBXFrameworksBuildPhase section */

/* Begin PBXGroup section */
		8A9A52701542C2F200C85BE3 = {
			isa = PBXGroup;
			children = (
				FAD61B3D1566A41F00A11A04 /* Notifications.h */,
				FAB38AC7156B7D660026F697 /* QBChat */,
				8A9A527E1542C2F200C85BE3 /* Frameworks */,
				8A9A527C1542C2F200C85BE3 /* Products */,
			);
			sourceTree = "<group>";
		};
		8A9A527C1542C2F200C85BE3 /* Products */ = {
			isa = PBXGroup;
			children = (
				8A9A527B1542C2F200C85BE3 /* SimpleSample-chat_users-ios.app */,
			);
			name = Products;
			sourceTree = "<group>";
		};
		8A9A527E1542C2F200C85BE3 /* Frameworks */ = {
			isa = PBXGroup;
			children = (
				4316C25615EBB1C800F41BEB /* Quickblox.framework */,
				FAC310F0156B74440082B592 /* libresolv.dylib */,
				8A7A83A9154A901800EE476D /* libxml2.2.7.3.dylib */,
				8A9A52A61542C3E600C85BE3 /* libz.dylib */,
				FAC310F6156B75400082B592 /* CoreData.framework */,
				FAC310A6156B6FD10082B592 /* Quickblox.framework */,
				FA76F73D156690A100573080 /* QuartzCore.framework */,
				8A9A52A41542C3E100C85BE3 /* CoreLocation.framework */,
				8A9A52A21542C3D300C85BE3 /* MobileCoreServices.framework */,
				8A9A52A01542C3CC00C85BE3 /* SystemConfiguration.framework */,
				8A9A529E1542C3C600C85BE3 /* CFNetwork.framework */,
				8A9A527F1542C2F200C85BE3 /* UIKit.framework */,
				8A9A52811542C2F200C85BE3 /* Foundation.framework */,
				8A9A52831542C2F200C85BE3 /* CoreGraphics.framework */,
			);
			name = Frameworks;
			sourceTree = "<group>";
		};
		FAB38AC7156B7D660026F697 /* QBChat */ = {
			isa = PBXGroup;
			children = (
				FAB38AC8156B7D660026F697 /* AppDelegate.h */,
				FAB38AC9156B7D660026F697 /* AppDelegate.m */,
				FAB38ACA156B7D660026F697 /* Classes */,
				FAB38AD2156B7D660026F697 /* Controllers */,
				FAB38AE2156B7D660026F697 /* InfoPlist.strings */,
				FAB38AE4156B7D660026F697 /* main.m */,
				FAB38AE5156B7D660026F697 /* QBChat-Info.plist */,
				FAB38AE6156B7D660026F697 /* QBChat-Prefix.pch */,
				FAB38AE7156B7D660026F697 /* Resources */,
			);
			path = QBChat;
			sourceTree = "<group>";
		};
		FAB38ACA156B7D660026F697 /* Classes */ = {
			isa = PBXGroup;
			children = (
				FA62F9B915BDD3400031CA59 /* DataStorage.h */,
				FA62F9BA15BDD3400031CA59 /* DataStorage.m */,
				FAB38ACE156B7D660026F697 /* Views */,
			);
			path = Classes;
			sourceTree = "<group>";
		};
		FAB38ACE156B7D660026F697 /* Views */ = {
			isa = PBXGroup;
			children = (
				FAB38B18156BC40D0026F697 /* OCPromptView */,
				FAB38ACF156B7D660026F697 /* SMMessageViewTableCell */,
			);
			path = Views;
			sourceTree = "<group>";
		};
		FAB38ACF156B7D660026F697 /* SMMessageViewTableCell */ = {
			isa = PBXGroup;
			children = (
				FAB38AD0156B7D660026F697 /* SMMessageViewTableCell.h */,
				FAB38AD1156B7D660026F697 /* SMMessageViewTableCell.m */,
			);
			path = SMMessageViewTableCell;
			sourceTree = "<group>";
		};
		FAB38AD2156B7D660026F697 /* Controllers */ = {
			isa = PBXGroup;
			children = (
				FAB38AD3156B7D660026F697 /* ChatViewController */,
				FAB38AD6156B7D660026F697 /* LoginViewController */,
				FAB38AD9156B7D660026F697 /* MainViewController */,
				FAB38ADC156B7D660026F697 /* RegistrationViewController */,
				FAB38ADF156B7D660026F697 /* SplashController */,
			);
			path = Controllers;
			sourceTree = "<group>";
		};
		FAB38AD3156B7D660026F697 /* ChatViewController */ = {
			isa = PBXGroup;
			children = (
				FAB38AD4156B7D660026F697 /* ChatViewController.h */,
				FAB38AD5156B7D660026F697 /* ChatViewController.m */,
			);
			path = ChatViewController;
			sourceTree = "<group>";
		};
		FAB38AD6156B7D660026F697 /* LoginViewController */ = {
			isa = PBXGroup;
			children = (
				FAB38AD7156B7D660026F697 /* LoginViewController.h */,
				FAB38AD8156B7D660026F697 /* LoginViewController.m */,
			);
			path = LoginViewController;
			sourceTree = "<group>";
		};
		FAB38AD9156B7D660026F697 /* MainViewController */ = {
			isa = PBXGroup;
			children = (
				FAB38ADA156B7D660026F697 /* MainViewController.h */,
				FAB38ADB156B7D660026F697 /* MainViewController.m */,
			);
			path = MainViewController;
			sourceTree = "<group>";
		};
		FAB38ADC156B7D660026F697 /* RegistrationViewController */ = {
			isa = PBXGroup;
			children = (
				FAB38ADD156B7D660026F697 /* RegistrationViewController.h */,
				FAB38ADE156B7D660026F697 /* RegistrationViewController.m */,
			);
			path = RegistrationViewController;
			sourceTree = "<group>";
		};
		FAB38ADF156B7D660026F697 /* SplashController */ = {
			isa = PBXGroup;
			children = (
				FAB38AE0156B7D660026F697 /* SplashController.h */,
				FAB38AE1156B7D660026F697 /* SplashController.m */,
			);
			path = SplashController;
			sourceTree = "<group>";
		};
		FAB38AE7156B7D660026F697 /* Resources */ = {
			isa = PBXGroup;
			children = (
				FAB38AE8156B7D660026F697 /* pictures */,
				FAB38AEE156B7D660026F697 /* xibs */,
			);
			path = Resources;
			sourceTree = "<group>";
		};
		FAB38AE8156B7D660026F697 /* pictures */ = {
			isa = PBXGroup;
			children = (
				FAB38AE9156B7D660026F697 /* aqua.png */,
				FAB38AEA156B7D660026F697 /* Default.png */,
				FAB38AEB156B7D660026F697 /* icon.png */,
				FAB38AEC156B7D660026F697 /* logo.png */,
				FAB38AED156B7D660026F697 /* orange.png */,
				4316C25815EBB22F00F41BEB /* offLine.png */,
				4316C25915EBB22F00F41BEB /* offLine@2x.png */,
				4316C25A15EBB22F00F41BEB /* onLine.png */,
				4316C25B15EBB22F00F41BEB /* onLine@2x.png */,
			);
			path = pictures;
			sourceTree = "<group>";
		};
		FAB38AEE156B7D660026F697 /* xibs */ = {
			isa = PBXGroup;
			children = (
				FAB38AEF156B7D660026F697 /* ChatViewController.xib */,
				FAB38AF0156B7D660026F697 /* LoginViewController.xib */,
				FAB38AF1156B7D660026F697 /* MainViewController.xib */,
				FAB38AF2156B7D660026F697 /* RegistrationViewController.xib */,
				FAB38AF3156B7D660026F697 /* SplashController.xib */,
			);
			path = xibs;
			sourceTree = "<group>";
		};
		FAB38B18156BC40D0026F697 /* OCPromptView */ = {
			isa = PBXGroup;
			children = (
				FAB38B19156BC40D0026F697 /* OCPromptView.h */,
				FAB38B1A156BC40D0026F697 /* OCPromptView.m */,
			);
			path = OCPromptView;
			sourceTree = "<group>";
		};
/* End PBXGroup section */

/* Begin PBXNativeTarget section */
		8A9A527A1542C2F200C85BE3 /* QBChat */ = {
			isa = PBXNativeTarget;
			buildConfigurationList = 8A9A52991542C2F200C85BE3 /* Build configuration list for PBXNativeTarget "QBChat" */;
			buildPhases = (
				8A9A52771542C2F200C85BE3 /* Sources */,
				8A9A52781542C2F200C85BE3 /* Frameworks */,
				8A9A52791542C2F200C85BE3 /* Resources */,
			);
			buildRules = (
			);
			dependencies = (
			);
			name = QBChat;
			productName = Users;
			productReference = 8A9A527B1542C2F200C85BE3 /* SimpleSample-chat_users-ios.app */;
			productType = "com.apple.product-type.application";
		};
/* End PBXNativeTarget section */

/* Begin PBXProject section */
		8A9A52721542C2F200C85BE3 /* Project object */ = {
			isa = PBXProject;
			attributes = {
				LastUpgradeCheck = 0430;
			};
			buildConfigurationList = 8A9A52751542C2F200C85BE3 /* Build configuration list for PBXProject "QBChat" */;
			compatibilityVersion = "Xcode 3.2";
			developmentRegion = English;
			hasScannedForEncodings = 0;
			knownRegions = (
				en,
			);
			mainGroup = 8A9A52701542C2F200C85BE3;
			productRefGroup = 8A9A527C1542C2F200C85BE3 /* Products */;
			projectDirPath = "";
			projectRoot = "";
			targets = (
				8A9A527A1542C2F200C85BE3 /* QBChat */,
			);
		};
/* End PBXProject section */

/* Begin PBXResourcesBuildPhase section */
		8A9A52791542C2F200C85BE3 /* Resources */ = {
			isa = PBXResourcesBuildPhase;
			buildActionMask = 2147483647;
			files = (
				FAB38AFC156B7D660026F697 /* InfoPlist.strings in Resources */,
				FAB38AFE156B7D660026F697 /* QBChat-Info.plist in Resources */,
				FAB38AFF156B7D660026F697 /* aqua.png in Resources */,
				FAB38B00156B7D660026F697 /* Default.png in Resources */,
				FAB38B01156B7D660026F697 /* icon.png in Resources */,
				FAB38B02156B7D660026F697 /* logo.png in Resources */,
				FAB38B03156B7D660026F697 /* orange.png in Resources */,
				FAB38B04156B7D660026F697 /* ChatViewController.xib in Resources */,
				FAB38B05156B7D660026F697 /* LoginViewController.xib in Resources */,
				FAB38B06156B7D660026F697 /* MainViewController.xib in Resources */,
				FAB38B07156B7D660026F697 /* RegistrationViewController.xib in Resources */,
				FAB38B08156B7D660026F697 /* SplashController.xib in Resources */,
				4316C25C15EBB22F00F41BEB /* offLine.png in Resources */,
				4316C25D15EBB22F00F41BEB /* offLine@2x.png in Resources */,
				4316C25E15EBB22F00F41BEB /* onLine.png in Resources */,
				4316C25F15EBB22F00F41BEB /* onLine@2x.png in Resources */,
			);
			runOnlyForDeploymentPostprocessing = 0;
		};
/* End PBXResourcesBuildPhase section */

/* Begin PBXSourcesBuildPhase section */
		8A9A52771542C2F200C85BE3 /* Sources */ = {
			isa = PBXSourcesBuildPhase;
			buildActionMask = 2147483647;
			files = (
				FAB38AF4156B7D660026F697 /* AppDelegate.m in Sources */,
				FAB38AF6156B7D660026F697 /* SMMessageViewTableCell.m in Sources */,
				FAB38AF7156B7D660026F697 /* ChatViewController.m in Sources */,
				FAB38AF8156B7D660026F697 /* LoginViewController.m in Sources */,
				FAB38AF9156B7D660026F697 /* MainViewController.m in Sources */,
				FAB38AFA156B7D660026F697 /* RegistrationViewController.m in Sources */,
				FAB38AFB156B7D660026F697 /* SplashController.m in Sources */,
				FAB38AFD156B7D660026F697 /* main.m in Sources */,
				FAB38B1B156BC40D0026F697 /* OCPromptView.m in Sources */,
				FA62F9BB15BDD3400031CA59 /* DataStorage.m in Sources */,
			);
			runOnlyForDeploymentPostprocessing = 0;
		};
/* End PBXSourcesBuildPhase section */

/* Begin PBXVariantGroup section */
		FAB38AE2156B7D660026F697 /* InfoPlist.strings */ = {
			isa = PBXVariantGroup;
			children = (
				FAB38AE3156B7D660026F697 /* en */,
			);
			name = InfoPlist.strings;
			sourceTree = "<group>";
		};
/* End PBXVariantGroup section */

/* Begin XCBuildConfiguration section */
		8A9A52971542C2F200C85BE3 /* Debug */ = {
			isa = XCBuildConfiguration;
			buildSettings = {
				ALWAYS_SEARCH_USER_PATHS = NO;
				ARCHS = "$(ARCHS_STANDARD_32_BIT)";
				"CODE_SIGN_IDENTITY[sdk=iphoneos*]" = "iPhone Developer";
				COPY_PHASE_STRIP = NO;
				GCC_C_LANGUAGE_STANDARD = gnu99;
				GCC_DYNAMIC_NO_PIC = NO;
				GCC_OPTIMIZATION_LEVEL = 0;
				GCC_PREPROCESSOR_DEFINITIONS = (
					"DEBUG=1",
					"$(inherited)",
				);
				GCC_SYMBOLS_PRIVATE_EXTERN = NO;
				GCC_VERSION = com.apple.compilers.llvm.clang.1_0;
				GCC_WARN_ABOUT_RETURN_TYPE = YES;
				GCC_WARN_UNINITIALIZED_AUTOS = YES;
				GCC_WARN_UNUSED_VARIABLE = YES;
				IPHONEOS_DEPLOYMENT_TARGET = 5.0;
				OTHER_LDFLAGS = (
					"-libidn",
					"-lxml2",
					"-objC",
				);
				SDKROOT = iphoneos;
			};
			name = Debug;
		};
		8A9A52981542C2F200C85BE3 /* Release */ = {
			isa = XCBuildConfiguration;
			buildSettings = {
				ALWAYS_SEARCH_USER_PATHS = NO;
				ARCHS = "$(ARCHS_STANDARD_32_BIT)";
				"CODE_SIGN_IDENTITY[sdk=iphoneos*]" = "iPhone Developer";
				COPY_PHASE_STRIP = YES;
				GCC_C_LANGUAGE_STANDARD = gnu99;
				GCC_VERSION = com.apple.compilers.llvm.clang.1_0;
				GCC_WARN_ABOUT_RETURN_TYPE = YES;
				GCC_WARN_UNINITIALIZED_AUTOS = YES;
				GCC_WARN_UNUSED_VARIABLE = YES;
				IPHONEOS_DEPLOYMENT_TARGET = 5.0;
				OTHER_CFLAGS = "-DNS_BLOCK_ASSERTIONS=1";
				OTHER_LDFLAGS = (
					"-libidn",
					"-lxml2",
					"-objC",
				);
				SDKROOT = iphoneos;
				VALIDATE_PRODUCT = YES;
			};
			name = Release;
		};
		8A9A529A1542C2F200C85BE3 /* Debug */ = {
			isa = XCBuildConfiguration;
			buildSettings = {
				FRAMEWORK_SEARCH_PATHS = (
					"$(inherited)",
					"\"$(SRCROOT)\"",
					"\"$(SRCROOT)/../../SDK-ios/Framework/build/Framework\"",
					"\"$(SRCROOT)/../SDK-ios/Framework/build/Framework\"",
				);
				GCC_C_LANGUAGE_STANDARD = gnu99;
				GCC_PRECOMPILE_PREFIX_HEADER = YES;
				GCC_PREFIX_HEADER = "QBChat/QBChat-Prefix.pch";
				HEADER_SEARCH_PATHS = /usr/include/libxml2;
				INFOPLIST_FILE = "QBChat/QBChat-Info.plist";
				IPHONEOS_DEPLOYMENT_TARGET = 4.2;
				LIBRARY_SEARCH_PATHS = (
					"$(inherited)",
					"\"$(SRCROOT)/libidn\"",
				);
				OTHER_LDFLAGS = (
					"-lxml2",
					"-ObjC",
				);
				PRODUCT_NAME = "SimpleSample-chat_users-ios";
				TARGETED_DEVICE_FAMILY = 1;
				WRAPPER_EXTENSION = app;
			};
			name = Debug;
		};
		8A9A529B1542C2F200C85BE3 /* Release */ = {
			isa = XCBuildConfiguration;
			buildSettings = {
				FRAMEWORK_SEARCH_PATHS = (
					"$(inherited)",
					"\"$(SRCROOT)\"",
					"\"$(SRCROOT)/../../SDK-ios/Framework/build/Framework\"",
					"\"$(SRCROOT)/../SDK-ios/Framework/build/Framework\"",
				);
				GCC_C_LANGUAGE_STANDARD = gnu99;
				GCC_PRECOMPILE_PREFIX_HEADER = YES;
				GCC_PREFIX_HEADER = "QBChat/QBChat-Prefix.pch";
				HEADER_SEARCH_PATHS = /usr/include/libxml2;
				INFOPLIST_FILE = "QBChat/QBChat-Info.plist";
				IPHONEOS_DEPLOYMENT_TARGET = 4.2;
				LIBRARY_SEARCH_PATHS = (
					"$(inherited)",
					"\"$(SRCROOT)/libidn\"",
				);
				OTHER_LDFLAGS = (
					"-lxml2",
					"-ObjC",
				);
				PRODUCT_NAME = "SimpleSample-chat_users-ios";
				TARGETED_DEVICE_FAMILY = 1;
				WRAPPER_EXTENSION = app;
			};
			name = Release;
		};
/* End XCBuildConfiguration section */

/* Begin XCConfigurationList section */
		8A9A52751542C2F200C85BE3 /* Build configuration list for PBXProject "QBChat" */ = {
			isa = XCConfigurationList;
			buildConfigurations = (
				8A9A52971542C2F200C85BE3 /* Debug */,
				8A9A52981542C2F200C85BE3 /* Release */,
			);
			defaultConfigurationIsVisible = 0;
			defaultConfigurationName = Release;
		};
		8A9A52991542C2F200C85BE3 /* Build configuration list for PBXNativeTarget "QBChat" */ = {
			isa = XCConfigurationList;
			buildConfigurations = (
				8A9A529A1542C2F200C85BE3 /* Debug */,
				8A9A529B1542C2F200C85BE3 /* Release */,
			);
			defaultConfigurationIsVisible = 0;
			defaultConfigurationName = Release;
		};
/* End XCConfigurationList section */
	};
	rootObject = 8A9A52721542C2F200C85BE3 /* Project object */;
}
